{
  "name": "ForwardTextApp",
  "lockfileVersion": 3,
  "requires": true,
  "packages": {
    "": {
      "dependencies": {
        "libsodium-wrappers": "^0.8.2",
        "tweetsodium": "^0.0.6"
      }
    },
    "node_modules/blakejs": {
      "version": "1.2.1",
      "resolved": "https://registry.npmjs.org/blakejs/-/blakejs-1.2.1.tgz",
      "integrity": "sha512-QXUSXI3QVc/gJME0dBpXrag1kbzOqCjCX8/b54ntNyW6sjtoqxqRk3LTmXzaJoh71zMsDCjM+47jS7XiwN/+fQ=="
    },
    "node_modules/libsodium": {
      "version": "0.8.2",
      "resolved": "https://registry.npmjs.org/libsodium/-/libsodium-0.8.2.tgz",
      "integrity": "sha512-TsnGYMoZtpweT+kR+lOv5TVsnJ/9U0FZOsLFzFOMWmxqOAYXjX3fsrPAW+i1LthgDKXJnI9A8dWEanT1tnJKIw=="
    },
    "node_modules/libsodium-wrappers": {
      "version": "0.8.2",
      "resolved": "https://registry.npmjs.org/libsodium-wrappers/-/libsodium-wrappers-0.8.2.tgz",
      "integrity": "sha512-VFLmfxkxo+U9q60tjcnSomQBRx2UzlRjKWJqvB4K1pUqsMQg4cu3QXA2nrcsj9A1qRsnJBbi2Ozx1hsiDoCkhw==",
      "dependencies": {
        "libsodium": "^0.8.0"
      }
    },
    "node_modules/tweetnacl": {
      "version": "1.0.3",
      "resolved": "https://registry.npmjs.org/tweetnacl/-/tweetnacl-1.0.3.tgz",
      "integrity": "sha512-6rt+RN7aOi1nGMyC4Xa5DdYiukl2UWCbcJft7YhxReBGQD7OAM8Pbxw6YMo4r2diNEA8FEmu32YOn9rhaiE5yw=="
    },
    "node_modules/tweetsodium": {
      "version": "0.0.6",
      "resolved": "https://registry.npmjs.org/tweetsodium/-/tweetsodium-0.0.6.tgz",
      "integrity": "sha512-vMglGijHoottUKHWaEFjgzHias6Rl+2h/qljRoebJH9GXjBmB5/C+rttmFo8bw6F0aokguV9QTWTR4P2m5vUvg==",
      "deprecated": "tweetsodium is deprecated and unmaintained. Please consider using libsodium.js, maintained by the same author as libsodium: https://github.com/jedisct1/libsodium.js",
      "dependencies": {
        "blakejs": "^1.1.0",
        "tweetnacl": "^1.0.1"
      }
    }
  }
}
